
Microsoft Visual Studio Solution File, Format Version 12.00
# Visual Studio Version 17
VisualStudioVersion = 17.4.33205.214
MinimumVisualStudioVersion = 10.0.40219.1
Project("{9A19103F-16F7-4668-BE54-9A1E7A4F7556}") = "SharjahMuseumTask.Api", "src\SharjahMuseumTask.Api\SharjahMuseumTask.Api.csproj", "{BA3E512C-66D9-40D2-B1DB-786228E1F1A8}"
EndProject
Project("{9A19103F-16F7-4668-BE54-9A1E7A4F7556}") = "SharjahMuseumTask.Core", "src\SharjahMuseumTask.Core\SharjahMuseumTask.Core.csproj", "{6BE8DD90-22A4-4B09-B045-6EF93FB4B0C7}"
EndProject
Project("{9A19103F-16F7-4668-BE54-9A1E7A4F7556}") = "SharjahMuseumTask.EF", "src\SharjahMuseumTask.EF\SharjahMuseumTask.EF.csproj", "{3FADFB30-4C87-4481-911B-003DE2869CB7}"
EndProject
Project("{9A19103F-16F7-4668-BE54-9A1E7A4F7556}") = "SharjahMuseumTask.Tests", "src\SharjahMuseumTask.Tests\SharjahMuseumTask.Tests.csproj", "{EDE33174-78FE-4B41-9C9C-A22B981185C8}"
EndProject
Global
	GlobalSection(SolutionConfigurationPlatforms) = preSolution
		Debug|Any CPU = Debug|Any CPU
		Release|Any CPU = Release|Any CPU
	EndGlobalSection
	GlobalSection(ProjectConfigurationPlatforms) = postSolution
		{BA3E512C-66D9-40D2-B1DB-786228E1F1A8}.Debug|Any CPU.ActiveCfg = Debug|Any CPU
		{BA3E512C-66D9-40D2-B1DB-786228E1F1A8}.Debug|Any CPU.Build.0 = Debug|Any CPU
		{BA3E512C-66D9-40D2-B1DB-786228E1F1A8}.Release|Any CPU.ActiveCfg = Release|Any CPU
		{BA3E512C-66D9-40D2-B1DB-786228E1F1A8}.Release|Any CPU.Build.0 = Release|Any CPU
		{6BE8DD90-22A4-4B09-B045-6EF93FB4B0C7}.Debug|Any CPU.ActiveCfg = Debug|Any CPU
		{6BE8DD90-22A4-4B09-B045-6EF93FB4B0C7}.Debug|Any CPU.Build.0 = Debug|Any CPU
		{6BE8DD90-22A4-4B09-B045-6EF93FB4B0C7}.Release|Any CPU.ActiveCfg = Release|Any CPU
		{6BE8DD90-22A4-4B09-B045-6EF93FB4B0C7}.Release|Any CPU.Build.0 = Release|Any CPU
		{3FADFB30-4C87-4481-911B-003DE2869CB7}.Debug|Any CPU.ActiveCfg = Debug|Any CPU
		{3FADFB30-4C87-4481-911B-003DE2869CB7}.Debug|Any CPU.Build.0 = Debug|Any CPU
		{3FADFB30-4C87-4481-911B-003DE2869CB7}.Release|Any CPU.ActiveCfg = Release|Any CPU
		{3FADFB30-4C87-4481-911B-003DE2869CB7}.Release|Any CPU.Build.0 = Release|Any CPU
		{EDE33174-78FE-4B41-9C9C-A22B981185C8}.Debug|Any CPU.ActiveCfg = Debug|Any CPU
		{EDE33174-78FE-4B41-9C9C-A22B981185C8}.Debug|Any CPU.Build.0 = Debug|Any CPU
		{EDE33174-78FE-4B41-9C9C-A22B981185C8}.Release|Any CPU.ActiveCfg = Release|Any CPU
		{EDE33174-78FE-4B41-9C9C-A22B981185C8}.Release|Any CPU.Build.0 = Release|Any CPU
	EndGlobalSection
	GlobalSection(SolutionProperties) = preSolution
		HideSolutionNode = FALSE
	EndGlobalSection
	GlobalSection(ExtensibilityGlobals) = postSolution
		SolutionGuid = {14B9407A-C48F-4921-800B-223267C8AF41}
	EndGlobalSection
EndGlobal
